$begin 'ConnectionParameters'
	DesktopProcessID=10868
	DesktopProcessPath='C:\\Program Files\\AnsysEM\\AnsysEM19.3\\Win64\\ansysedt.exe'
	LaunchedByWB=false
	$begin 'DesktopStubBlock'
		$begin 'CommDetails'
			TransportType=1
			IPAddress='140.209.68.106'
			ListenPort='57681'
		$end 'CommDetails'
		$begin 'Marshall'
			InstanceID=503
			ProcID=10868
			InterfaceID=1
			FactoryIntID='DesktopInterfaceForWBProxyStubFactory'
		$end 'Marshall'
	$end 'DesktopStubBlock'
	$begin 'DesktopBackgroundObjStubBlock'
		$begin 'CommDetails'
			TransportType=1
			IPAddress='140.209.68.106'
			ListenPort='57681'
		$end 'CommDetails'
		$begin 'Marshall'
			InstanceID=505
			ProcID=10868
			InterfaceID=2
			FactoryIntID='DesktopInterfaceForWBProxyStubFactory'
		$end 'Marshall'
	$end 'DesktopBackgroundObjStubBlock'
$end 'ConnectionParameters'
